
Microsoft Visual Studio Solution File, Format Version 12.00
# Visual Studio Version 17
VisualStudioVersion = 17.8.34309.116
MinimumVisualStudioVersion = 10.0.40219.1
Project("{2150E333-8FDC-42A3-9474-1A3956D46DE8}") = "BaseSource", "BaseSource", "{1A58136B-F8EF-4DC7-9885-B6CA59D76295}"
EndProject
Project("{2150E333-8FDC-42A3-9474-1A3956D46DE8}") = "Business", "Business", "{91B5A60A-1704-4E00-A3F7-C2EF09C01D3E}"
EndProject
Project("{2150E333-8FDC-42A3-9474-1A3956D46DE8}") = "ExternalSource", "ExternalSource", "{87B6B59F-8754-4C98-BB97-09E78325B893}"
EndProject
Project("{2150E333-8FDC-42A3-9474-1A3956D46DE8}") = "ShareKernel", "ShareKernel", "{65BE151E-AC7E-4BDF-B34C-2D8F56727477}"
EndProject
Project("{2150E333-8FDC-42A3-9474-1A3956D46DE8}") = "1.Core", "1.Core", "{4D2051D4-C2F3-4A63-BFBB-841947915C0D}"
EndProject
Project("{2150E333-8FDC-42A3-9474-1A3956D46DE8}") = "2.Infrastructure", "2.Infrastructure", "{34330078-AE12-4BAA-86A4-5F85E1C8DB66}"
EndProject
Project("{2150E333-8FDC-42A3-9474-1A3956D46DE8}") = "3.EndPoints", "3.EndPoints", "{7620B2D9-3669-471A-B1C8-B7DF5EEB975C}"
EndProject
Project("{2150E333-8FDC-42A3-9474-1A3956D46DE8}") = "WebServices", "WebServices", "{E5E1B0AB-78A7-45F0-8698-196448189112}"
EndProject
Project("{2150E333-8FDC-42A3-9474-1A3956D46DE8}") = "UtilitiesProvider", "UtilitiesProvider", "{D3433653-BE68-4CB6-AF4A-04A73A953A16}"
EndProject
Project("{2150E333-8FDC-42A3-9474-1A3956D46DE8}") = "LoggerProvider", "LoggerProvider", "{AEAE7BFE-12D1-4813-B089-6D294F9FC2FC}"
EndProject
Project("{2150E333-8FDC-42A3-9474-1A3956D46DE8}") = "BackgroundTaskProvider", "BackgroundTaskProvider", "{8191D2E5-315B-4B87-8AEA-2E4A1B54112D}"
EndProject
Project("{2150E333-8FDC-42A3-9474-1A3956D46DE8}") = "MapperProvider", "MapperProvider", "{5E0D8A79-B790-4BCD-AB15-A280F9E0B6CE}"
EndProject
Project("{2150E333-8FDC-42A3-9474-1A3956D46DE8}") = "CacheProvider", "CacheProvider", "{4F5118D3-D526-4F2B-A850-B42993004AE5}"
EndProject
Project("{2150E333-8FDC-42A3-9474-1A3956D46DE8}") = "3.EndPoints", "3.EndPoints", "{3EFEE10B-A6C7-42B8-9983-0CE6F1240294}"
EndProject
Project("{2150E333-8FDC-42A3-9474-1A3956D46DE8}") = "2.Infrastructure", "2.Infrastructure", "{977B59E0-998D-435C-96B5-A64CC92E7363}"
EndProject
Project("{2150E333-8FDC-42A3-9474-1A3956D46DE8}") = "1.Core", "1.Core", "{F5C9DE6A-97E0-490C-8342-44C647A82B28}"
EndProject
Project("{9A19103F-16F7-4668-BE54-9A1E7A4F7556}") = "BaseSource.Core.Domain", "BaseSource\1.Core\BaseSource.Core.Domain\BaseSource.Core.Domain.csproj", "{D4C96841-B867-4522-8924-9D556F04E8E8}"
EndProject
Project("{9A19103F-16F7-4668-BE54-9A1E7A4F7556}") = "BaseSource.Core.ApplicationService", "BaseSource\1.Core\BaseSource.Core.ApplicationService\BaseSource.Core.ApplicationService.csproj", "{1DA7A729-43C2-4858-828B-8BCBF5C29999}"
EndProject
Project("{9A19103F-16F7-4668-BE54-9A1E7A4F7556}") = "BaseSource.Infrastructure.Data.Sql", "BaseSource\2.Infrastructure\BaseSource.Infrastructure.Data.Sql\BaseSource.Infrastructure.Data.Sql.csproj", "{6ADC655C-E7E0-4EDD-AA4D-E36C58BF65B0}"
EndProject
Project("{9A19103F-16F7-4668-BE54-9A1E7A4F7556}") = "BaseSource.Infrastructure.Data.Sql.Command", "BaseSource\2.Infrastructure\BaseSource.Infrastructure.Data.Sql.Command\BaseSource.Infrastructure.Data.Sql.Command.csproj", "{E9A1C36C-8B45-4C01-89B0-5FD80189FDEE}"
EndProject
Project("{9A19103F-16F7-4668-BE54-9A1E7A4F7556}") = "BaseSource.Infrastructure.Data.Sql.Query", "BaseSource\2.Infrastructure\BaseSource.Infrastructure.Data.Sql.Query\BaseSource.Infrastructure.Data.Sql.Query.csproj", "{8C3F3B08-F6CF-4A73-9682-6E7C6528D57F}"
EndProject
Project("{9A19103F-16F7-4668-BE54-9A1E7A4F7556}") = "BaseSource.EndPoint", "BaseSource\3.EndPoints\BaseSource.EndPoint\BaseSource.EndPoint.csproj", "{4D2965BE-0AD4-488F-8BCD-FA301B970752}"
EndProject
Project("{9A19103F-16F7-4668-BE54-9A1E7A4F7556}") = "TK.Core.Domain", "Business\1.Core\TK.Core.Domain\TK.Core.Domain.csproj", "{EFA1E669-D994-479E-B50C-243000186486}"
EndProject
Project("{9A19103F-16F7-4668-BE54-9A1E7A4F7556}") = "TK.Core.ApplicationService", "Business\1.Core\TK.Core.ApplicationService\TK.Core.ApplicationService.csproj", "{F5E83514-3B49-46C1-AB63-4AE8A07390C5}"
EndProject
Project("{9A19103F-16F7-4668-BE54-9A1E7A4F7556}") = "TK.Infrastructure.Data.Sql.Command", "Business\2.Infrastructure\TK.Infrastructure.Data.Sql.Command\TK.Infrastructure.Data.Sql.Command.csproj", "{7A26A856-4F11-45DE-9490-37691045BCA5}"
EndProject
Project("{9A19103F-16F7-4668-BE54-9A1E7A4F7556}") = "TK.Infrastructure.Data.Sql.Query", "Business\2.Infrastructure\TK.Infrastructure.Data.Sql.Query\TK.Infrastructure.Data.Sql.Query.csproj", "{469B0F61-E734-4CCB-9E82-6F12144B23CC}"
EndProject
Project("{9A19103F-16F7-4668-BE54-9A1E7A4F7556}") = "TK.EndPoint.API", "Business\3.EndPoints\TK.EndPoint.API\TK.EndPoint.API.csproj", "{0B22A6BB-FD37-4501-8FA0-0D1235E4EF10}"
EndProject
Project("{2150E333-8FDC-42A3-9474-1A3956D46DE8}") = "HangfireProvider", "HangfireProvider", "{86E488DC-DE13-43C1-92B4-D82CBA49E48F}"
EndProject
Project("{9A19103F-16F7-4668-BE54-9A1E7A4F7556}") = "HangfireService", "ShareKernel\BackgroundTaskProvider\HangfireService\HangfireService.csproj", "{7D3C5D55-8D37-4ECF-93C4-25AED6D946E5}"
EndProject
Project("{9A19103F-16F7-4668-BE54-9A1E7A4F7556}") = "SeriLogService", "ShareKernel\LoggerProvider\SeriLogService\SeriLogService.csproj", "{AEB9EEDA-E153-4058-9CB7-5445821711D3}"
EndProject
Project("{9A19103F-16F7-4668-BE54-9A1E7A4F7556}") = "AutoMapperService", "ShareKernel\MapperProvider\AutoMapperService\AutoMapperService.csproj", "{F0D00DDC-1921-4795-BC0D-411233EB2E85}"
EndProject
Project("{9A19103F-16F7-4668-BE54-9A1E7A4F7556}") = "DateTimeExtensions", "ShareKernel\UtilitiesProvider\DateTimeExtensions\DateTimeExtensions.csproj", "{47190FAE-1307-415B-8132-DEC45FC616FB}"
EndProject
Project("{2150E333-8FDC-42A3-9474-1A3956D46DE8}") = "REST", "REST", "{5FEF6937-E981-4944-9BEC-5EE1FBE80CC7}"
EndProject
Project("{2150E333-8FDC-42A3-9474-1A3956D46DE8}") = "SOAP", "SOAP", "{949DDF4C-447D-4DB5-8962-BC944B14BBDF}"
EndProject
Project("{FAE04EC0-301F-11D3-BF4B-00C04F79EFBC}") = "RestWebApi", "ExternalSource\WebServices\REST\RestWebApi\RestWebApi.csproj", "{0B4B0AB7-96F0-4A5F-89B6-0B0F820E0986}"
EndProject
Project("{FAE04EC0-301F-11D3-BF4B-00C04F79EFBC}") = "SoapWebService", "ExternalSource\WebServices\SOAP\SoapWebService\SoapWebService.csproj", "{095A5B52-7326-4BCE-B657-CCDBA1EDAE39}"
EndProject
Project("{FAE04EC0-301F-11D3-BF4B-00C04F79EFBC}") = "MemoryCacheService", "ShareKernel\CacheProvider\MemoryCacheService\MemoryCacheService.csproj", "{3F10593F-85C0-4474-A01B-2601184A43CF}"
EndProject
Project("{FAE04EC0-301F-11D3-BF4B-00C04F79EFBC}") = "TK.EndPoint.WebApp", "Business\3.EndPoints\TK.EndPoint.WebApp\TK.EndPoint.WebApp.csproj", "{F7826D8C-D446-4D78-9B73-FEE6500201A2}"
EndProject
Global
	GlobalSection(SolutionConfigurationPlatforms) = preSolution
		Debug|Any CPU = Debug|Any CPU
		Release|Any CPU = Release|Any CPU
	EndGlobalSection
	GlobalSection(ProjectConfigurationPlatforms) = postSolution
		{D4C96841-B867-4522-8924-9D556F04E8E8}.Debug|Any CPU.ActiveCfg = Debug|Any CPU
		{D4C96841-B867-4522-8924-9D556F04E8E8}.Debug|Any CPU.Build.0 = Debug|Any CPU
		{D4C96841-B867-4522-8924-9D556F04E8E8}.Release|Any CPU.ActiveCfg = Release|Any CPU
		{D4C96841-B867-4522-8924-9D556F04E8E8}.Release|Any CPU.Build.0 = Release|Any CPU
		{1DA7A729-43C2-4858-828B-8BCBF5C29999}.Debug|Any CPU.ActiveCfg = Debug|Any CPU
		{1DA7A729-43C2-4858-828B-8BCBF5C29999}.Debug|Any CPU.Build.0 = Debug|Any CPU
		{1DA7A729-43C2-4858-828B-8BCBF5C29999}.Release|Any CPU.ActiveCfg = Release|Any CPU
		{1DA7A729-43C2-4858-828B-8BCBF5C29999}.Release|Any CPU.Build.0 = Release|Any CPU
		{6ADC655C-E7E0-4EDD-AA4D-E36C58BF65B0}.Debug|Any CPU.ActiveCfg = Debug|Any CPU
		{6ADC655C-E7E0-4EDD-AA4D-E36C58BF65B0}.Debug|Any CPU.Build.0 = Debug|Any CPU
		{6ADC655C-E7E0-4EDD-AA4D-E36C58BF65B0}.Release|Any CPU.ActiveCfg = Release|Any CPU
		{6ADC655C-E7E0-4EDD-AA4D-E36C58BF65B0}.Release|Any CPU.Build.0 = Release|Any CPU
		{E9A1C36C-8B45-4C01-89B0-5FD80189FDEE}.Debug|Any CPU.ActiveCfg = Debug|Any CPU
		{E9A1C36C-8B45-4C01-89B0-5FD80189FDEE}.Debug|Any CPU.Build.0 = Debug|Any CPU
		{E9A1C36C-8B45-4C01-89B0-5FD80189FDEE}.Release|Any CPU.ActiveCfg = Release|Any CPU
		{E9A1C36C-8B45-4C01-89B0-5FD80189FDEE}.Release|Any CPU.Build.0 = Release|Any CPU
		{8C3F3B08-F6CF-4A73-9682-6E7C6528D57F}.Debug|Any CPU.ActiveCfg = Debug|Any CPU
		{8C3F3B08-F6CF-4A73-9682-6E7C6528D57F}.Debug|Any CPU.Build.0 = Debug|Any CPU
		{8C3F3B08-F6CF-4A73-9682-6E7C6528D57F}.Release|Any CPU.ActiveCfg = Release|Any CPU
		{8C3F3B08-F6CF-4A73-9682-6E7C6528D57F}.Release|Any CPU.Build.0 = Release|Any CPU
		{4D2965BE-0AD4-488F-8BCD-FA301B970752}.Debug|Any CPU.ActiveCfg = Debug|Any CPU
		{4D2965BE-0AD4-488F-8BCD-FA301B970752}.Debug|Any CPU.Build.0 = Debug|Any CPU
		{4D2965BE-0AD4-488F-8BCD-FA301B970752}.Release|Any CPU.ActiveCfg = Release|Any CPU
		{4D2965BE-0AD4-488F-8BCD-FA301B970752}.Release|Any CPU.Build.0 = Release|Any CPU
		{EFA1E669-D994-479E-B50C-243000186486}.Debug|Any CPU.ActiveCfg = Debug|Any CPU
		{EFA1E669-D994-479E-B50C-243000186486}.Debug|Any CPU.Build.0 = Debug|Any CPU
		{EFA1E669-D994-479E-B50C-243000186486}.Release|Any CPU.ActiveCfg = Release|Any CPU
		{EFA1E669-D994-479E-B50C-243000186486}.Release|Any CPU.Build.0 = Release|Any CPU
		{F5E83514-3B49-46C1-AB63-4AE8A07390C5}.Debug|Any CPU.ActiveCfg = Debug|Any CPU
		{F5E83514-3B49-46C1-AB63-4AE8A07390C5}.Debug|Any CPU.Build.0 = Debug|Any CPU
		{F5E83514-3B49-46C1-AB63-4AE8A07390C5}.Release|Any CPU.ActiveCfg = Release|Any CPU
		{F5E83514-3B49-46C1-AB63-4AE8A07390C5}.Release|Any CPU.Build.0 = Release|Any CPU
		{7A26A856-4F11-45DE-9490-37691045BCA5}.Debug|Any CPU.ActiveCfg = Debug|Any CPU
		{7A26A856-4F11-45DE-9490-37691045BCA5}.Debug|Any CPU.Build.0 = Debug|Any CPU
		{7A26A856-4F11-45DE-9490-37691045BCA5}.Release|Any CPU.ActiveCfg = Release|Any CPU
		{7A26A856-4F11-45DE-9490-37691045BCA5}.Release|Any CPU.Build.0 = Release|Any CPU
		{469B0F61-E734-4CCB-9E82-6F12144B23CC}.Debug|Any CPU.ActiveCfg = Debug|Any CPU
		{469B0F61-E734-4CCB-9E82-6F12144B23CC}.Debug|Any CPU.Build.0 = Debug|Any CPU
		{469B0F61-E734-4CCB-9E82-6F12144B23CC}.Release|Any CPU.ActiveCfg = Release|Any CPU
		{469B0F61-E734-4CCB-9E82-6F12144B23CC}.Release|Any CPU.Build.0 = Release|Any CPU
		{0B22A6BB-FD37-4501-8FA0-0D1235E4EF10}.Debug|Any CPU.ActiveCfg = Debug|Any CPU
		{0B22A6BB-FD37-4501-8FA0-0D1235E4EF10}.Debug|Any CPU.Build.0 = Debug|Any CPU
		{0B22A6BB-FD37-4501-8FA0-0D1235E4EF10}.Release|Any CPU.ActiveCfg = Release|Any CPU
		{0B22A6BB-FD37-4501-8FA0-0D1235E4EF10}.Release|Any CPU.Build.0 = Release|Any CPU
		{7D3C5D55-8D37-4ECF-93C4-25AED6D946E5}.Debug|Any CPU.ActiveCfg = Debug|Any CPU
		{7D3C5D55-8D37-4ECF-93C4-25AED6D946E5}.Debug|Any CPU.Build.0 = Debug|Any CPU
		{7D3C5D55-8D37-4ECF-93C4-25AED6D946E5}.Release|Any CPU.ActiveCfg = Release|Any CPU
		{7D3C5D55-8D37-4ECF-93C4-25AED6D946E5}.Release|Any CPU.Build.0 = Release|Any CPU
		{AEB9EEDA-E153-4058-9CB7-5445821711D3}.Debug|Any CPU.ActiveCfg = Debug|Any CPU
		{AEB9EEDA-E153-4058-9CB7-5445821711D3}.Debug|Any CPU.Build.0 = Debug|Any CPU
		{AEB9EEDA-E153-4058-9CB7-5445821711D3}.Release|Any CPU.ActiveCfg = Release|Any CPU
		{AEB9EEDA-E153-4058-9CB7-5445821711D3}.Release|Any CPU.Build.0 = Release|Any CPU
		{F0D00DDC-1921-4795-BC0D-411233EB2E85}.Debug|Any CPU.ActiveCfg = Debug|Any CPU
		{F0D00DDC-1921-4795-BC0D-411233EB2E85}.Debug|Any CPU.Build.0 = Debug|Any CPU
		{F0D00DDC-1921-4795-BC0D-411233EB2E85}.Release|Any CPU.ActiveCfg = Release|Any CPU
		{F0D00DDC-1921-4795-BC0D-411233EB2E85}.Release|Any CPU.Build.0 = Release|Any CPU
		{47190FAE-1307-415B-8132-DEC45FC616FB}.Debug|Any CPU.ActiveCfg = Debug|Any CPU
		{47190FAE-1307-415B-8132-DEC45FC616FB}.Debug|Any CPU.Build.0 = Debug|Any CPU
		{47190FAE-1307-415B-8132-DEC45FC616FB}.Release|Any CPU.ActiveCfg = Release|Any CPU
		{47190FAE-1307-415B-8132-DEC45FC616FB}.Release|Any CPU.Build.0 = Release|Any CPU
		{0B4B0AB7-96F0-4A5F-89B6-0B0F820E0986}.Debug|Any CPU.ActiveCfg = Debug|Any CPU
		{0B4B0AB7-96F0-4A5F-89B6-0B0F820E0986}.Debug|Any CPU.Build.0 = Debug|Any CPU
		{0B4B0AB7-96F0-4A5F-89B6-0B0F820E0986}.Release|Any CPU.ActiveCfg = Release|Any CPU
		{0B4B0AB7-96F0-4A5F-89B6-0B0F820E0986}.Release|Any CPU.Build.0 = Release|Any CPU
		{095A5B52-7326-4BCE-B657-CCDBA1EDAE39}.Debug|Any CPU.ActiveCfg = Debug|Any CPU
		{095A5B52-7326-4BCE-B657-CCDBA1EDAE39}.Debug|Any CPU.Build.0 = Debug|Any CPU
		{095A5B52-7326-4BCE-B657-CCDBA1EDAE39}.Release|Any CPU.ActiveCfg = Release|Any CPU
		{095A5B52-7326-4BCE-B657-CCDBA1EDAE39}.Release|Any CPU.Build.0 = Release|Any CPU
		{3F10593F-85C0-4474-A01B-2601184A43CF}.Debug|Any CPU.ActiveCfg = Debug|Any CPU
		{3F10593F-85C0-4474-A01B-2601184A43CF}.Debug|Any CPU.Build.0 = Debug|Any CPU
		{3F10593F-85C0-4474-A01B-2601184A43CF}.Release|Any CPU.ActiveCfg = Release|Any CPU
		{3F10593F-85C0-4474-A01B-2601184A43CF}.Release|Any CPU.Build.0 = Release|Any CPU
		{F7826D8C-D446-4D78-9B73-FEE6500201A2}.Debug|Any CPU.ActiveCfg = Debug|Any CPU
		{F7826D8C-D446-4D78-9B73-FEE6500201A2}.Debug|Any CPU.Build.0 = Debug|Any CPU
		{F7826D8C-D446-4D78-9B73-FEE6500201A2}.Release|Any CPU.ActiveCfg = Release|Any CPU
		{F7826D8C-D446-4D78-9B73-FEE6500201A2}.Release|Any CPU.Build.0 = Release|Any CPU
	EndGlobalSection
	GlobalSection(SolutionProperties) = preSolution
		HideSolutionNode = FALSE
	EndGlobalSection
	GlobalSection(NestedProjects) = preSolution
		{4D2051D4-C2F3-4A63-BFBB-841947915C0D} = {1A58136B-F8EF-4DC7-9885-B6CA59D76295}
		{34330078-AE12-4BAA-86A4-5F85E1C8DB66} = {1A58136B-F8EF-4DC7-9885-B6CA59D76295}
		{7620B2D9-3669-471A-B1C8-B7DF5EEB975C} = {1A58136B-F8EF-4DC7-9885-B6CA59D76295}
		{E5E1B0AB-78A7-45F0-8698-196448189112} = {87B6B59F-8754-4C98-BB97-09E78325B893}
		{D3433653-BE68-4CB6-AF4A-04A73A953A16} = {65BE151E-AC7E-4BDF-B34C-2D8F56727477}
		{AEAE7BFE-12D1-4813-B089-6D294F9FC2FC} = {65BE151E-AC7E-4BDF-B34C-2D8F56727477}
		{8191D2E5-315B-4B87-8AEA-2E4A1B54112D} = {65BE151E-AC7E-4BDF-B34C-2D8F56727477}
		{5E0D8A79-B790-4BCD-AB15-A280F9E0B6CE} = {65BE151E-AC7E-4BDF-B34C-2D8F56727477}
		{4F5118D3-D526-4F2B-A850-B42993004AE5} = {65BE151E-AC7E-4BDF-B34C-2D8F56727477}
		{3EFEE10B-A6C7-42B8-9983-0CE6F1240294} = {91B5A60A-1704-4E00-A3F7-C2EF09C01D3E}
		{977B59E0-998D-435C-96B5-A64CC92E7363} = {91B5A60A-1704-4E00-A3F7-C2EF09C01D3E}
		{F5C9DE6A-97E0-490C-8342-44C647A82B28} = {91B5A60A-1704-4E00-A3F7-C2EF09C01D3E}
		{D4C96841-B867-4522-8924-9D556F04E8E8} = {4D2051D4-C2F3-4A63-BFBB-841947915C0D}
		{1DA7A729-43C2-4858-828B-8BCBF5C29999} = {4D2051D4-C2F3-4A63-BFBB-841947915C0D}
		{6ADC655C-E7E0-4EDD-AA4D-E36C58BF65B0} = {34330078-AE12-4BAA-86A4-5F85E1C8DB66}
		{E9A1C36C-8B45-4C01-89B0-5FD80189FDEE} = {34330078-AE12-4BAA-86A4-5F85E1C8DB66}
		{8C3F3B08-F6CF-4A73-9682-6E7C6528D57F} = {34330078-AE12-4BAA-86A4-5F85E1C8DB66}
		{4D2965BE-0AD4-488F-8BCD-FA301B970752} = {7620B2D9-3669-471A-B1C8-B7DF5EEB975C}
		{EFA1E669-D994-479E-B50C-243000186486} = {F5C9DE6A-97E0-490C-8342-44C647A82B28}
		{F5E83514-3B49-46C1-AB63-4AE8A07390C5} = {F5C9DE6A-97E0-490C-8342-44C647A82B28}
		{7A26A856-4F11-45DE-9490-37691045BCA5} = {977B59E0-998D-435C-96B5-A64CC92E7363}
		{469B0F61-E734-4CCB-9E82-6F12144B23CC} = {977B59E0-998D-435C-96B5-A64CC92E7363}
		{0B22A6BB-FD37-4501-8FA0-0D1235E4EF10} = {3EFEE10B-A6C7-42B8-9983-0CE6F1240294}
		{86E488DC-DE13-43C1-92B4-D82CBA49E48F} = {8191D2E5-315B-4B87-8AEA-2E4A1B54112D}
		{7D3C5D55-8D37-4ECF-93C4-25AED6D946E5} = {86E488DC-DE13-43C1-92B4-D82CBA49E48F}
		{AEB9EEDA-E153-4058-9CB7-5445821711D3} = {AEAE7BFE-12D1-4813-B089-6D294F9FC2FC}
		{F0D00DDC-1921-4795-BC0D-411233EB2E85} = {5E0D8A79-B790-4BCD-AB15-A280F9E0B6CE}
		{47190FAE-1307-415B-8132-DEC45FC616FB} = {D3433653-BE68-4CB6-AF4A-04A73A953A16}
		{5FEF6937-E981-4944-9BEC-5EE1FBE80CC7} = {E5E1B0AB-78A7-45F0-8698-196448189112}
		{949DDF4C-447D-4DB5-8962-BC944B14BBDF} = {E5E1B0AB-78A7-45F0-8698-196448189112}
		{0B4B0AB7-96F0-4A5F-89B6-0B0F820E0986} = {5FEF6937-E981-4944-9BEC-5EE1FBE80CC7}
		{095A5B52-7326-4BCE-B657-CCDBA1EDAE39} = {949DDF4C-447D-4DB5-8962-BC944B14BBDF}
		{3F10593F-85C0-4474-A01B-2601184A43CF} = {4F5118D3-D526-4F2B-A850-B42993004AE5}
		{F7826D8C-D446-4D78-9B73-FEE6500201A2} = {3EFEE10B-A6C7-42B8-9983-0CE6F1240294}
	EndGlobalSection
	GlobalSection(ExtensibilityGlobals) = postSolution
		SolutionGuid = {A7875ACB-8A32-4A43-AF63-CA078545B5D7}
	EndGlobalSection
EndGlobal
