
Microsoft Visual Studio Solution File, Format Version 12.00
# Visual Studio Version 17
VisualStudioVersion = 17.8.34309.116
MinimumVisualStudioVersion = 10.0.40219.1
Project("{2150E333-8FDC-42A3-9474-1A3956D46DE8}") = "BaseSource", "BaseSource", "{1A58136B-F8EF-4DC7-9885-B6CA59D76295}"
EndProject
Project("{2150E333-8FDC-42A3-9474-1A3956D46DE8}") = "Business", "Business", "{91B5A60A-1704-4E00-A3F7-C2EF09C01D3E}"
EndProject
Project("{2150E333-8FDC-42A3-9474-1A3956D46DE8}") = "1.Core", "1.Core", "{4D2051D4-C2F3-4A63-BFBB-841947915C0D}"
EndProject
Project("{2150E333-8FDC-42A3-9474-1A3956D46DE8}") = "2.Infrastructure", "2.Infrastructure", "{34330078-AE12-4BAA-86A4-5F85E1C8DB66}"
EndProject
Project("{2150E333-8FDC-42A3-9474-1A3956D46DE8}") = "3.EndPoints", "3.EndPoints", "{7620B2D9-3669-471A-B1C8-B7DF5EEB975C}"
EndProject
Project("{2150E333-8FDC-42A3-9474-1A3956D46DE8}") = "3.EndPoints", "3.EndPoints", "{3EFEE10B-A6C7-42B8-9983-0CE6F1240294}"
EndProject
Project("{2150E333-8FDC-42A3-9474-1A3956D46DE8}") = "2.Infrastructure", "2.Infrastructure", "{977B59E0-998D-435C-96B5-A64CC92E7363}"
EndProject
Project("{2150E333-8FDC-42A3-9474-1A3956D46DE8}") = "1.Core", "1.Core", "{F5C9DE6A-97E0-490C-8342-44C647A82B28}"
EndProject
Project("{9A19103F-16F7-4668-BE54-9A1E7A4F7556}") = "BaseSource.Core.Domain", "BaseSource\1.Core\BaseSource.Core.Domain\BaseSource.Core.Domain.csproj", "{D4C96841-B867-4522-8924-9D556F04E8E8}"
EndProject
Project("{9A19103F-16F7-4668-BE54-9A1E7A4F7556}") = "BaseSource.Core.ApplicationService", "BaseSource\1.Core\BaseSource.Core.ApplicationService\BaseSource.Core.ApplicationService.csproj", "{1DA7A729-43C2-4858-828B-8BCBF5C29999}"
EndProject
Project("{9A19103F-16F7-4668-BE54-9A1E7A4F7556}") = "BaseSource.Infrastructure.Data.Sql", "BaseSource\2.Infrastructure\BaseSource.Infrastructure.Data.Sql\BaseSource.Infrastructure.Data.Sql.csproj", "{6ADC655C-E7E0-4EDD-AA4D-E36C58BF65B0}"
EndProject
Project("{9A19103F-16F7-4668-BE54-9A1E7A4F7556}") = "BaseSource.Infrastructure.Data.Sql.Command", "BaseSource\2.Infrastructure\BaseSource.Infrastructure.Data.Sql.Command\BaseSource.Infrastructure.Data.Sql.Command.csproj", "{E9A1C36C-8B45-4C01-89B0-5FD80189FDEE}"
EndProject
Project("{9A19103F-16F7-4668-BE54-9A1E7A4F7556}") = "BaseSource.Infrastructure.Data.Sql.Query", "BaseSource\2.Infrastructure\BaseSource.Infrastructure.Data.Sql.Query\BaseSource.Infrastructure.Data.Sql.Query.csproj", "{8C3F3B08-F6CF-4A73-9682-6E7C6528D57F}"
EndProject
Project("{9A19103F-16F7-4668-BE54-9A1E7A4F7556}") = "BaseSource.EndPoint", "BaseSource\3.EndPoints\BaseSource.EndPoint\BaseSource.EndPoint.csproj", "{4D2965BE-0AD4-488F-8BCD-FA301B970752}"
EndProject
Project("{9A19103F-16F7-4668-BE54-9A1E7A4F7556}") = "TK.Core.Domain", "Business\1.Core\TK.Core.Domain\TK.Core.Domain.csproj", "{EFA1E669-D994-479E-B50C-243000186486}"
EndProject
Project("{9A19103F-16F7-4668-BE54-9A1E7A4F7556}") = "TK.Core.ApplicationService", "Business\1.Core\TK.Core.ApplicationService\TK.Core.ApplicationService.csproj", "{F5E83514-3B49-46C1-AB63-4AE8A07390C5}"
EndProject
Project("{9A19103F-16F7-4668-BE54-9A1E7A4F7556}") = "TK.Infrastructure.Data.Sql.Command", "Business\2.Infrastructure\TK.Infrastructure.Data.Sql.Command\TK.Infrastructure.Data.Sql.Command.csproj", "{7A26A856-4F11-45DE-9490-37691045BCA5}"
EndProject
Project("{9A19103F-16F7-4668-BE54-9A1E7A4F7556}") = "TK.Infrastructure.Data.Sql.Query", "Business\2.Infrastructure\TK.Infrastructure.Data.Sql.Query\TK.Infrastructure.Data.Sql.Query.csproj", "{469B0F61-E734-4CCB-9E82-6F12144B23CC}"
EndProject
Project("{9A19103F-16F7-4668-BE54-9A1E7A4F7556}") = "TK.EndPoint.API", "Business\3.EndPoints\TK.EndPoint.API\TK.EndPoint.API.csproj", "{0B22A6BB-FD37-4501-8FA0-0D1235E4EF10}"
EndProject
Project("{FAE04EC0-301F-11D3-BF4B-00C04F79EFBC}") = "TK.EndPoint.WebApp", "Business\3.EndPoints\TK.EndPoint.WebApp\TK.EndPoint.WebApp.csproj", "{1A72787E-8C2D-4D6F-8C55-92A6C1251048}"
EndProject
Global
	GlobalSection(SolutionConfigurationPlatforms) = preSolution
		Debug|Any CPU = Debug|Any CPU
		Release|Any CPU = Release|Any CPU
	EndGlobalSection
	GlobalSection(ProjectConfigurationPlatforms) = postSolution
		{D4C96841-B867-4522-8924-9D556F04E8E8}.Debug|Any CPU.ActiveCfg = Debug|Any CPU
		{D4C96841-B867-4522-8924-9D556F04E8E8}.Debug|Any CPU.Build.0 = Debug|Any CPU
		{D4C96841-B867-4522-8924-9D556F04E8E8}.Release|Any CPU.ActiveCfg = Release|Any CPU
		{D4C96841-B867-4522-8924-9D556F04E8E8}.Release|Any CPU.Build.0 = Release|Any CPU
		{1DA7A729-43C2-4858-828B-8BCBF5C29999}.Debug|Any CPU.ActiveCfg = Debug|Any CPU
		{1DA7A729-43C2-4858-828B-8BCBF5C29999}.Debug|Any CPU.Build.0 = Debug|Any CPU
		{1DA7A729-43C2-4858-828B-8BCBF5C29999}.Release|Any CPU.ActiveCfg = Release|Any CPU
		{1DA7A729-43C2-4858-828B-8BCBF5C29999}.Release|Any CPU.Build.0 = Release|Any CPU
		{6ADC655C-E7E0-4EDD-AA4D-E36C58BF65B0}.Debug|Any CPU.ActiveCfg = Debug|Any CPU
		{6ADC655C-E7E0-4EDD-AA4D-E36C58BF65B0}.Debug|Any CPU.Build.0 = Debug|Any CPU
		{6ADC655C-E7E0-4EDD-AA4D-E36C58BF65B0}.Release|Any CPU.ActiveCfg = Release|Any CPU
		{6ADC655C-E7E0-4EDD-AA4D-E36C58BF65B0}.Release|Any CPU.Build.0 = Release|Any CPU
		{E9A1C36C-8B45-4C01-89B0-5FD80189FDEE}.Debug|Any CPU.ActiveCfg = Debug|Any CPU
		{E9A1C36C-8B45-4C01-89B0-5FD80189FDEE}.Debug|Any CPU.Build.0 = Debug|Any CPU
		{E9A1C36C-8B45-4C01-89B0-5FD80189FDEE}.Release|Any CPU.ActiveCfg = Release|Any CPU
		{E9A1C36C-8B45-4C01-89B0-5FD80189FDEE}.Release|Any CPU.Build.0 = Release|Any CPU
		{8C3F3B08-F6CF-4A73-9682-6E7C6528D57F}.Debug|Any CPU.ActiveCfg = Debug|Any CPU
		{8C3F3B08-F6CF-4A73-9682-6E7C6528D57F}.Debug|Any CPU.Build.0 = Debug|Any CPU
		{8C3F3B08-F6CF-4A73-9682-6E7C6528D57F}.Release|Any CPU.ActiveCfg = Release|Any CPU
		{8C3F3B08-F6CF-4A73-9682-6E7C6528D57F}.Release|Any CPU.Build.0 = Release|Any CPU
		{4D2965BE-0AD4-488F-8BCD-FA301B970752}.Debug|Any CPU.ActiveCfg = Debug|Any CPU
		{4D2965BE-0AD4-488F-8BCD-FA301B970752}.Debug|Any CPU.Build.0 = Debug|Any CPU
		{4D2965BE-0AD4-488F-8BCD-FA301B970752}.Release|Any CPU.ActiveCfg = Release|Any CPU
		{4D2965BE-0AD4-488F-8BCD-FA301B970752}.Release|Any CPU.Build.0 = Release|Any CPU
		{EFA1E669-D994-479E-B50C-243000186486}.Debug|Any CPU.ActiveCfg = Debug|Any CPU
		{EFA1E669-D994-479E-B50C-243000186486}.Debug|Any CPU.Build.0 = Debug|Any CPU
		{EFA1E669-D994-479E-B50C-243000186486}.Release|Any CPU.ActiveCfg = Release|Any CPU
		{EFA1E669-D994-479E-B50C-243000186486}.Release|Any CPU.Build.0 = Release|Any CPU
		{F5E83514-3B49-46C1-AB63-4AE8A07390C5}.Debug|Any CPU.ActiveCfg = Debug|Any CPU
		{F5E83514-3B49-46C1-AB63-4AE8A07390C5}.Debug|Any CPU.Build.0 = Debug|Any CPU
		{F5E83514-3B49-46C1-AB63-4AE8A07390C5}.Release|Any CPU.ActiveCfg = Release|Any CPU
		{F5E83514-3B49-46C1-AB63-4AE8A07390C5}.Release|Any CPU.Build.0 = Release|Any CPU
		{7A26A856-4F11-45DE-9490-37691045BCA5}.Debug|Any CPU.ActiveCfg = Debug|Any CPU
		{7A26A856-4F11-45DE-9490-37691045BCA5}.Debug|Any CPU.Build.0 = Debug|Any CPU
		{7A26A856-4F11-45DE-9490-37691045BCA5}.Release|Any CPU.ActiveCfg = Release|Any CPU
		{7A26A856-4F11-45DE-9490-37691045BCA5}.Release|Any CPU.Build.0 = Release|Any CPU
		{469B0F61-E734-4CCB-9E82-6F12144B23CC}.Debug|Any CPU.ActiveCfg = Debug|Any CPU
		{469B0F61-E734-4CCB-9E82-6F12144B23CC}.Debug|Any CPU.Build.0 = Debug|Any CPU
		{469B0F61-E734-4CCB-9E82-6F12144B23CC}.Release|Any CPU.ActiveCfg = Release|Any CPU
		{469B0F61-E734-4CCB-9E82-6F12144B23CC}.Release|Any CPU.Build.0 = Release|Any CPU
		{0B22A6BB-FD37-4501-8FA0-0D1235E4EF10}.Debug|Any CPU.ActiveCfg = Debug|Any CPU
		{0B22A6BB-FD37-4501-8FA0-0D1235E4EF10}.Debug|Any CPU.Build.0 = Debug|Any CPU
		{0B22A6BB-FD37-4501-8FA0-0D1235E4EF10}.Release|Any CPU.ActiveCfg = Release|Any CPU
		{0B22A6BB-FD37-4501-8FA0-0D1235E4EF10}.Release|Any CPU.Build.0 = Release|Any CPU
		{1A72787E-8C2D-4D6F-8C55-92A6C1251048}.Debug|Any CPU.ActiveCfg = Debug|Any CPU
		{1A72787E-8C2D-4D6F-8C55-92A6C1251048}.Debug|Any CPU.Build.0 = Debug|Any CPU
		{1A72787E-8C2D-4D6F-8C55-92A6C1251048}.Release|Any CPU.ActiveCfg = Release|Any CPU
		{1A72787E-8C2D-4D6F-8C55-92A6C1251048}.Release|Any CPU.Build.0 = Release|Any CPU
	EndGlobalSection
	GlobalSection(SolutionProperties) = preSolution
		HideSolutionNode = FALSE
	EndGlobalSection
	GlobalSection(NestedProjects) = preSolution
		{4D2051D4-C2F3-4A63-BFBB-841947915C0D} = {1A58136B-F8EF-4DC7-9885-B6CA59D76295}
		{34330078-AE12-4BAA-86A4-5F85E1C8DB66} = {1A58136B-F8EF-4DC7-9885-B6CA59D76295}
		{7620B2D9-3669-471A-B1C8-B7DF5EEB975C} = {1A58136B-F8EF-4DC7-9885-B6CA59D76295}
		{3EFEE10B-A6C7-42B8-9983-0CE6F1240294} = {91B5A60A-1704-4E00-A3F7-C2EF09C01D3E}
		{977B59E0-998D-435C-96B5-A64CC92E7363} = {91B5A60A-1704-4E00-A3F7-C2EF09C01D3E}
		{F5C9DE6A-97E0-490C-8342-44C647A82B28} = {91B5A60A-1704-4E00-A3F7-C2EF09C01D3E}
		{D4C96841-B867-4522-8924-9D556F04E8E8} = {4D2051D4-C2F3-4A63-BFBB-841947915C0D}
		{1DA7A729-43C2-4858-828B-8BCBF5C29999} = {4D2051D4-C2F3-4A63-BFBB-841947915C0D}
		{6ADC655C-E7E0-4EDD-AA4D-E36C58BF65B0} = {34330078-AE12-4BAA-86A4-5F85E1C8DB66}
		{E9A1C36C-8B45-4C01-89B0-5FD80189FDEE} = {34330078-AE12-4BAA-86A4-5F85E1C8DB66}
		{8C3F3B08-F6CF-4A73-9682-6E7C6528D57F} = {34330078-AE12-4BAA-86A4-5F85E1C8DB66}
		{4D2965BE-0AD4-488F-8BCD-FA301B970752} = {7620B2D9-3669-471A-B1C8-B7DF5EEB975C}
		{EFA1E669-D994-479E-B50C-243000186486} = {F5C9DE6A-97E0-490C-8342-44C647A82B28}
		{F5E83514-3B49-46C1-AB63-4AE8A07390C5} = {F5C9DE6A-97E0-490C-8342-44C647A82B28}
		{7A26A856-4F11-45DE-9490-37691045BCA5} = {977B59E0-998D-435C-96B5-A64CC92E7363}
		{469B0F61-E734-4CCB-9E82-6F12144B23CC} = {977B59E0-998D-435C-96B5-A64CC92E7363}
		{0B22A6BB-FD37-4501-8FA0-0D1235E4EF10} = {3EFEE10B-A6C7-42B8-9983-0CE6F1240294}
		{1A72787E-8C2D-4D6F-8C55-92A6C1251048} = {3EFEE10B-A6C7-42B8-9983-0CE6F1240294}
	EndGlobalSection
	GlobalSection(ExtensibilityGlobals) = postSolution
		SolutionGuid = {A7875ACB-8A32-4A43-AF63-CA078545B5D7}
	EndGlobalSection
EndGlobal
